
Microsoft Visual Studio Solution File, Format Version 12.00
# Visual Studio Version 16
VisualStudioVersion = 16.0.31702.278
MinimumVisualStudioVersion = 10.0.40219.1
Project("{FAE04EC0-301F-11D3-BF4B-00C04F79EFBC}") = "lab7visual", "lab7visual\lab7visual.csproj", "{1B72C85B-4831-4437-B10C-852471183941}"
EndProject
Global
	GlobalSection(SolutionConfigurationPlatforms) = preSolution
		Debug|Any CPU = Debug|Any CPU
		Release|Any CPU = Release|Any CPU
	EndGlobalSection
	GlobalSection(ProjectConfigurationPlatforms) = postSolution
		{1B72C85B-4831-4437-B10C-852471183941}.Debug|Any CPU.ActiveCfg = Debug|Any CPU
		{1B72C85B-4831-4437-B10C-852471183941}.Debug|Any CPU.Build.0 = Debug|Any CPU
		{1B72C85B-4831-4437-B10C-852471183941}.Release|Any CPU.ActiveCfg = Release|Any CPU
		{1B72C85B-4831-4437-B10C-852471183941}.Release|Any CPU.Build.0 = Release|Any CPU
	EndGlobalSection
	GlobalSection(SolutionProperties) = preSolution
		HideSolutionNode = FALSE
	EndGlobalSection
	GlobalSection(ExtensibilityGlobals) = postSolution
		SolutionGuid = {209314B7-30A1-4753-A684-5EDE27A9BB73}
	EndGlobalSection
EndGlobal
